
Microsoft Visual Studio Solution File, Format Version 12.00
# Visual Studio 14
VisualStudioVersion = 14.0.25420.1
MinimumVisualStudioVersion = 10.0.40219.1
Project("{2150E333-8FDC-42A3-9474-1A3956D46DE8}") = "src", "src", "{D4B51FF2-46D4-4A7F-A5B6-75A6D2F9BB93}"
EndProject
Project("{2150E333-8FDC-42A3-9474-1A3956D46DE8}") = "Solution Items", "Solution Items", "{767F69BB-0941-4BC5-A961-AF866894835C}"
	ProjectSection(SolutionItems) = preProject
		global.json = global.json
	EndProjectSection
EndProject
Project("{8BB2217D-0F2D-49D1-97BC-3654ED321F3B}") = "TestCrudApp", "src\TestCrudApp\TestCrudApp.xproj", "{E83584CB-2286-41FB-B4B9-5783C185EE27}"
EndProject
Global
	GlobalSection(SolutionConfigurationPlatforms) = preSolution
		Debug|Any CPU = Debug|Any CPU
		Release|Any CPU = Release|Any CPU
	EndGlobalSection
	GlobalSection(ProjectConfigurationPlatforms) = postSolution
		{E83584CB-2286-41FB-B4B9-5783C185EE27}.Debug|Any CPU.ActiveCfg = Debug|Any CPU
		{E83584CB-2286-41FB-B4B9-5783C185EE27}.Debug|Any CPU.Build.0 = Debug|Any CPU
		{E83584CB-2286-41FB-B4B9-5783C185EE27}.Release|Any CPU.ActiveCfg = Release|Any CPU
		{E83584CB-2286-41FB-B4B9-5783C185EE27}.Release|Any CPU.Build.0 = Release|Any CPU
	EndGlobalSection
	GlobalSection(SolutionProperties) = preSolution
		HideSolutionNode = FALSE
	EndGlobalSection
	GlobalSection(NestedProjects) = preSolution
		{E83584CB-2286-41FB-B4B9-5783C185EE27} = {D4B51FF2-46D4-4A7F-A5B6-75A6D2F9BB93}
	EndGlobalSection
EndGlobal
