
Microsoft Visual Studio Solution File, Format Version 12.00
# Visual Studio 14
VisualStudioVersion = 14.0.25420.1
MinimumVisualStudioVersion = 10.0.40219.1
Project("{2150E333-8FDC-42A3-9474-1A3956D46DE8}") = "src", "src", "{9AC88E04-F6E3-4DD6-ACE7-CFD37829F1EA}"
EndProject
Project("{2150E333-8FDC-42A3-9474-1A3956D46DE8}") = "Solution Items", "Solution Items", "{BEBB7706-AB2C-4448-8FD3-D67EB785338C}"
	ProjectSection(SolutionItems) = preProject
		global.json = global.json
	EndProjectSection
EndProject
Project("{8BB2217D-0F2D-49D1-97BC-3654ED321F3B}") = "CRUDappGIt", "src\CRUDappGIt\CRUDappGIt.xproj", "{ED4FBBC7-9299-4349-BA68-E6B071EDF7D3}"
EndProject
Global
	GlobalSection(SolutionConfigurationPlatforms) = preSolution
		Debug|Any CPU = Debug|Any CPU
		Release|Any CPU = Release|Any CPU
	EndGlobalSection
	GlobalSection(ProjectConfigurationPlatforms) = postSolution
		{ED4FBBC7-9299-4349-BA68-E6B071EDF7D3}.Debug|Any CPU.ActiveCfg = Debug|Any CPU
		{ED4FBBC7-9299-4349-BA68-E6B071EDF7D3}.Debug|Any CPU.Build.0 = Debug|Any CPU
		{ED4FBBC7-9299-4349-BA68-E6B071EDF7D3}.Release|Any CPU.ActiveCfg = Release|Any CPU
		{ED4FBBC7-9299-4349-BA68-E6B071EDF7D3}.Release|Any CPU.Build.0 = Release|Any CPU
	EndGlobalSection
	GlobalSection(SolutionProperties) = preSolution
		HideSolutionNode = FALSE
	EndGlobalSection
	GlobalSection(NestedProjects) = preSolution
		{ED4FBBC7-9299-4349-BA68-E6B071EDF7D3} = {9AC88E04-F6E3-4DD6-ACE7-CFD37829F1EA}
	EndGlobalSection
EndGlobal
